{
  "version": 4,
  "terraform_version": "1.15.8",
  "serial": 10,
  "lineage": "48eabe0e-e4be-dc19-5d51-22c40f881d2a",
  "outputs": {},
  "resources": [
    {
      "mode": "managed",
      "type": "google_storage_bucket",
      "name": "website",
      "provider": "provider[\"registry.terraform.io/hashicorp/google\"]",
      "instances": [
        {
          "schema_version": 4,
          "attributes": {
            "autoclass": [],
            "cors": [],
            "custom_placement_config": [],
            "default_event_based_hold": false,
            "deletion_policy": "DELETE",
            "effective_labels": {
              "goog-terraform-provisioned": "true"
            },
            "enable_object_retention": false,
            "encryption": [],
            "force_destroy": false,
            "hierarchical_namespace": [
              {
                "enabled": false
              }
            ],
            "id": "heaven-collection-website",
            "ip_filter": [],
            "labels": {},
            "lifecycle_rule": [],
            "location": "US",
            "logging": [],
            "name": "heaven-collection-website",
            "project": "my-first-project-331715",
            "project_number": 826676283558,
            "public_access_prevention": "inherited",
            "requester_pays": false,
            "retention_policy": [],
            "rpo": "DEFAULT",
            "self_link": "https://www.googleapis.com/storage/v1/b/heaven-collection-website",
            "soft_delete_policy": [
              {
                "effective_time": "2026-08-17T11:16:42.467Z",
                "retention_duration_seconds": 604800
              }
            ],
            "storage_class": "STANDARD",
            "terraform_labels": {
              "goog-terraform-provisioned": "true"
            },
            "time_created": "2026-08-17T11:16:42.467Z",
            "timeouts": null,
            "uniform_bucket_level_access": false,
            "updated": "2026-08-17T11:16:42.467Z",
            "url": "gs://heaven-collection-website",
            "versioning": [],
            "website": []
          },
          "sensitive_attributes": [],
          "identity_schema_version": 1,
          "identity": {
            "name": "heaven-collection-website",
            "project": "my-first-project-331715"
          },
          "private": "eyJlMmJmYjczMC1lY2FhLTExZTYtOGY4OC0zNDM2M2JjN2M0YzAiOnsiY3JlYXRlIjo2MDAwMDAwMDAwMDAsInJlYWQiOjI0MDAwMDAwMDAwMCwidXBkYXRlIjoyNDAwMDAwMDAwMDB9LCJzY2hlbWFfdmVyc2lvbiI6IjQifQ=="
        }
      ]
    },
    {
      "mode": "managed",
      "type": "google_storage_bucket_object",
      "name": "static_site_sre",
      "provider": "provider[\"registry.terraform.io/hashicorp/google\"]",
      "instances": [
        {
          "schema_version": 0,
          "attributes": {
            "bucket": "heaven-collection-website",
            "cache_control": "",
            "content": null,
            "content_disposition": "",
            "content_encoding": "",
            "content_language": "",
            "content_type": "text/html; charset=utf-8",
            "contexts": [],
            "crc32c": "qXbWZw==",
            "customer_encryption": [],
            "deletion_policy": "DELETE",
            "detect_md5hash": "mMi0oyyiWx77l7QiCbfPsA==",
            "event_based_hold": false,
            "force_empty_content_type": null,
            "generation": 1786965678376847,
            "id": "heaven-collection-website-heaven-collection.html",
            "kms_key_name": "",
            "md5hash": "mMi0oyyiWx77l7QiCbfPsA==",
            "md5hexhash": "98c8b4a32ca25b1efb97b42209b7cfb0",
            "media_link": "https://storage.googleapis.com/download/storage/v1/b/heaven-collection-website/o/heaven-collection.html?generation=1786965678376847\u0026alt=media",
            "metadata": null,
            "name": "heaven-collection.html",
            "output_name": "heaven-collection.html",
            "retention": [],
            "self_link": "https://www.googleapis.com/storage/v1/b/heaven-collection-website/o/heaven-collection.html",
            "source": "../website/heaven-collection.html",
            "source_md5hash": "",
            "storage_class": "STANDARD",
            "temporary_hold": false,
            "timeouts": null
          },
          "sensitive_attributes": [
            [
              {
                "type": "get_attr",
                "value": "content"
              }
            ]
          ],
          "identity_schema_version": 0,
          "private": "eyJlMmJmYjczMC1lY2FhLTExZTYtOGY4OC0zNDM2M2JjN2M0YzAiOnsiY3JlYXRlIjoyNDAwMDAwMDAwMDAsImRlbGV0ZSI6MjQwMDAwMDAwMDAwLCJ1cGRhdGUiOjI0MDAwMDAwMDAwMH19",
          "dependencies": [
            "google_storage_bucket.website"
          ]
        }
      ]
    },
    {
      "mode": "managed",
      "type": "google_storage_object_access_control",
      "name": "public_rule",
      "provider": "provider[\"registry.terraform.io/hashicorp/google\"]",
      "instances": [
        {
          "schema_version": 0,
          "attributes": {
            "bucket": "heaven-collection-website",
            "deletion_policy": "DELETE",
            "domain": "",
            "email": "",
            "entity": "allUsers",
            "entity_id": "",
            "generation": 1786965678376847,
            "id": "heaven-collection-website/heaven-collection.html/allUsers",
            "object": "heaven-collection.html",
            "project_team": [],
            "role": "READER",
            "timeouts": null
          },
          "sensitive_attributes": [],
          "identity_schema_version": 1,
          "identity": {
            "bucket": "heaven-collection-website",
            "entity": "allUsers",
            "object": "heaven-collection.html"
          },
          "private": "eyJlMmJmYjczMC1lY2FhLTExZTYtOGY4OC0zNDM2M2JjN2M0YzAiOnsiY3JlYXRlIjoxMjAwMDAwMDAwMDAwLCJkZWxldGUiOjEyMDAwMDAwMDAwMDAsInVwZGF0ZSI6MTIwMDAwMDAwMDAwMH19",
          "dependencies": [
            "google_storage_bucket.website",
            "google_storage_bucket_object.static_site_sre"
          ]
        }
      ]
    }
  ],
  "check_results": null
}
