{
  "version": 4,
  "terraform_version": "1.15.8",
  "serial": 20,
  "lineage": "48eabe0e-e4be-dc19-5d51-22c40f881d2a",
  "outputs": {},
  "resources": [
    {
      "mode": "data",
      "type": "google_dns_managed_zone",
      "name": "website_zone",
      "provider": "provider[\"registry.terraform.io/hashicorp/google\"]",
      "instances": [
        {
          "schema_version": 0,
          "attributes": {
            "description": "",
            "dns_name": "heaven.collection.",
            "id": "projects/my-first-project-331715/managedZones/terraform-gcp",
            "managed_zone_id": 7075748039791207724,
            "name": "terraform-gcp",
            "name_servers": [
              "ns-cloud-e1.googledomains.com.",
              "ns-cloud-e2.googledomains.com.",
              "ns-cloud-e3.googledomains.com.",
              "ns-cloud-e4.googledomains.com."
            ],
            "project": "my-first-project-331715",
            "visibility": "public"
          },
          "sensitive_attributes": [],
          "identity_schema_version": 0
        }
      ]
    },
    {
      "mode": "managed",
      "type": "google_compute_backend_bucket",
      "name": "website_backend",
      "provider": "provider[\"registry.terraform.io/hashicorp/google\"]",
      "instances": [
        {
          "schema_version": 0,
          "attributes": {
            "bucket_name": "heaven-collection-website",
            "cdn_policy": [
              {
                "bypass_cache_on_request_headers": [],
                "cache_key_policy": [],
                "cache_mode": "CACHE_ALL_STATIC",
                "client_ttl": 3600,
                "default_ttl": 3600,
                "max_ttl": 86400,
                "negative_caching": true,
                "negative_caching_policy": [],
                "request_coalescing": true,
                "serve_while_stale": 86400,
                "signed_url_cache_max_age_sec": 0
              }
            ],
            "compression_mode": "",
            "creation_timestamp": "2026-08-17T05:33:06.582-07:00",
            "custom_response_headers": null,
            "deletion_policy": "DELETE",
            "description": "Backend bucket for heaven-collection website",
            "edge_security_policy": "",
            "enable_cdn": true,
            "id": "projects/my-first-project-331715/global/backendBuckets/heaven-collection-backend",
            "load_balancing_scheme": "",
            "name": "heaven-collection-backend",
            "params": [],
            "project": "my-first-project-331715",
            "self_link": "https://www.googleapis.com/compute/v1/projects/my-first-project-331715/global/backendBuckets/heaven-collection-backend",
            "timeouts": null
          },
          "sensitive_attributes": [],
          "identity_schema_version": 1,
          "identity": {
            "name": "heaven-collection-backend",
            "project": "my-first-project-331715"
          },
          "private": "eyJlMmJmYjczMC1lY2FhLTExZTYtOGY4OC0zNDM2M2JjN2M0YzAiOnsiY3JlYXRlIjoxMjAwMDAwMDAwMDAwLCJkZWxldGUiOjEyMDAwMDAwMDAwMDAsInVwZGF0ZSI6MTIwMDAwMDAwMDAwMH19",
          "dependencies": [
            "google_storage_bucket.website"
          ]
        }
      ]
    },
    {
      "mode": "managed",
      "type": "google_compute_global_address",
      "name": "website_ip",
      "provider": "provider[\"registry.terraform.io/hashicorp/google\"]",
      "instances": [
        {
          "schema_version": 0,
          "attributes": {
            "address": "136.68.138.87",
            "address_type": "EXTERNAL",
            "creation_timestamp": "2026-08-17T05:33:06.649-07:00",
            "deletion_policy": "DELETE",
            "description": "",
            "effective_labels": {
              "goog-terraform-provisioned": "true"
            },
            "id": "projects/my-first-project-331715/global/addresses/heaven-collection-ip",
            "ip_version": "",
            "label_fingerprint": "vezUS-42LLM=",
            "labels": null,
            "name": "heaven-collection-ip",
            "network": "",
            "prefix_length": 0,
            "project": "my-first-project-331715",
            "purpose": "",
            "self_link": "https://www.googleapis.com/compute/v1/projects/my-first-project-331715/global/addresses/heaven-collection-ip",
            "terraform_labels": {
              "goog-terraform-provisioned": "true"
            },
            "timeouts": null
          },
          "sensitive_attributes": [],
          "identity_schema_version": 1,
          "identity": {
            "name": "heaven-collection-ip",
            "project": "my-first-project-331715"
          },
          "private": "eyJlMmJmYjczMC1lY2FhLTExZTYtOGY4OC0zNDM2M2JjN2M0YzAiOnsiY3JlYXRlIjoxMjAwMDAwMDAwMDAwLCJkZWxldGUiOjEyMDAwMDAwMDAwMDAsInVwZGF0ZSI6MTIwMDAwMDAwMDAwMH19"
        }
      ]
    },
    {
      "mode": "managed",
      "type": "google_compute_target_http_proxy",
      "name": "website_http_proxy",
      "provider": "provider[\"registry.terraform.io/hashicorp/google\"]",
      "instances": [
        {
          "schema_version": 0,
          "attributes": {
            "creation_timestamp": "2026-08-17T05:33:40.791-07:00",
            "deletion_policy": "DELETE",
            "description": "",
            "fingerprint": "EOWs1X4Vo30=",
            "http_keep_alive_timeout_sec": 0,
            "id": "projects/my-first-project-331715/global/targetHttpProxies/heaven-collection-http-proxy",
            "name": "heaven-collection-http-proxy",
            "project": "my-first-project-331715",
            "proxy_bind": false,
            "proxy_id": 4891481597228826955,
            "self_link": "https://www.googleapis.com/compute/v1/projects/my-first-project-331715/global/targetHttpProxies/heaven-collection-http-proxy",
            "timeouts": null,
            "url_map": "https://www.googleapis.com/compute/v1/projects/my-first-project-331715/global/urlMaps/heaven-collection-url-map"
          },
          "sensitive_attributes": [],
          "identity_schema_version": 1,
          "identity": {
            "name": "heaven-collection-http-proxy",
            "project": "my-first-project-331715"
          },
          "private": "eyJlMmJmYjczMC1lY2FhLTExZTYtOGY4OC0zNDM2M2JjN2M0YzAiOnsiY3JlYXRlIjoxMjAwMDAwMDAwMDAwLCJkZWxldGUiOjEyMDAwMDAwMDAwMDAsInVwZGF0ZSI6MTIwMDAwMDAwMDAwMH19",
          "dependencies": [
            "data.google_dns_managed_zone.website_zone",
            "google_compute_backend_bucket.website_backend",
            "google_compute_url_map.website_url_map",
            "google_storage_bucket.website"
          ]
        }
      ]
    },
    {
      "mode": "managed",
      "type": "google_compute_url_map",
      "name": "website_url_map",
      "provider": "provider[\"registry.terraform.io/hashicorp/google\"]",
      "instances": [
        {
          "schema_version": 0,
          "attributes": {
            "creation_timestamp": "2026-08-17T05:33:29.335-07:00",
            "default_custom_error_response_policy": [],
            "default_route_action": [],
            "default_service": "https://www.googleapis.com/compute/v1/projects/my-first-project-331715/global/backendBuckets/heaven-collection-backend",
            "default_url_redirect": [],
            "deletion_policy": "DELETE",
            "description": "",
            "fingerprint": "nuJLOjKOJmI=",
            "header_action": [],
            "host_rule": [
              {
                "description": "",
                "hosts": [
                  "website.heaven.collection."
                ],
                "path_matcher": "allpaths"
              }
            ],
            "id": "projects/my-first-project-331715/global/urlMaps/heaven-collection-url-map",
            "map_id": 6508107274558325111,
            "name": "heaven-collection-url-map",
            "path_matcher": [
              {
                "default_custom_error_response_policy": [],
                "default_route_action": [],
                "default_service": "https://www.googleapis.com/compute/v1/projects/my-first-project-331715/global/backendBuckets/heaven-collection-backend",
                "default_url_redirect": [],
                "description": "",
                "header_action": [],
                "name": "allpaths",
                "path_rule": [],
                "route_rules": []
              }
            ],
            "project": "my-first-project-331715",
            "self_link": "https://www.googleapis.com/compute/v1/projects/my-first-project-331715/global/urlMaps/heaven-collection-url-map",
            "test": [],
            "timeouts": null
          },
          "sensitive_attributes": [],
          "identity_schema_version": 1,
          "identity": {
            "name": "heaven-collection-url-map",
            "project": "my-first-project-331715"
          },
          "private": "eyJlMmJmYjczMC1lY2FhLTExZTYtOGY4OC0zNDM2M2JjN2M0YzAiOnsiY3JlYXRlIjoxMjAwMDAwMDAwMDAwLCJkZWxldGUiOjEyMDAwMDAwMDAwMDAsInVwZGF0ZSI6MTIwMDAwMDAwMDAwMH19",
          "dependencies": [
            "data.google_dns_managed_zone.website_zone",
            "google_compute_backend_bucket.website_backend",
            "google_storage_bucket.website"
          ]
        }
      ]
    },
    {
      "mode": "managed",
      "type": "google_dns_record_set",
      "name": "website_dns",
      "provider": "provider[\"registry.terraform.io/hashicorp/google\"]",
      "instances": [
        {
          "schema_version": 0,
          "attributes": {
            "deletion_policy": "DELETE",
            "id": "projects/my-first-project-331715/managedZones/terraform-gcp/rrsets/website.heaven.collection./A",
            "managed_zone": "terraform-gcp",
            "name": "website.heaven.collection.",
            "project": "my-first-project-331715",
            "routing_policy": [],
            "rrdatas": [
              "136.68.138.87"
            ],
            "ttl": 300,
            "type": "A"
          },
          "sensitive_attributes": [],
          "identity_schema_version": 1,
          "identity": {
            "managed_zone": "terraform-gcp",
            "name": "website.heaven.collection.",
            "project": "my-first-project-331715",
            "type": "A"
          },
          "private": "bnVsbA==",
          "dependencies": [
            "data.google_dns_managed_zone.website_zone",
            "google_compute_global_address.website_ip"
          ]
        }
      ]
    },
    {
      "mode": "managed",
      "type": "google_storage_bucket",
      "name": "website",
      "provider": "provider[\"registry.terraform.io/hashicorp/google\"]",
      "instances": [
        {
          "schema_version": 4,
          "attributes": {
            "autoclass": [],
            "cors": [],
            "custom_placement_config": [],
            "default_event_based_hold": false,
            "deletion_policy": "DELETE",
            "effective_labels": {
              "goog-terraform-provisioned": "true"
            },
            "enable_object_retention": false,
            "encryption": [],
            "force_destroy": false,
            "hierarchical_namespace": [
              {
                "enabled": false
              }
            ],
            "id": "heaven-collection-website",
            "ip_filter": [],
            "labels": {},
            "lifecycle_rule": [],
            "location": "US",
            "logging": [],
            "name": "heaven-collection-website",
            "project": "my-first-project-331715",
            "project_number": 826676283558,
            "public_access_prevention": "inherited",
            "requester_pays": false,
            "retention_policy": [],
            "rpo": "DEFAULT",
            "self_link": "https://www.googleapis.com/storage/v1/b/heaven-collection-website",
            "soft_delete_policy": [
              {
                "effective_time": "2026-08-17T11:16:42.467Z",
                "retention_duration_seconds": 604800
              }
            ],
            "storage_class": "STANDARD",
            "terraform_labels": {
              "goog-terraform-provisioned": "true"
            },
            "time_created": "2026-08-17T11:16:42.467Z",
            "timeouts": null,
            "uniform_bucket_level_access": false,
            "updated": "2026-08-17T11:16:42.467Z",
            "url": "gs://heaven-collection-website",
            "versioning": [],
            "website": []
          },
          "sensitive_attributes": [],
          "identity_schema_version": 1,
          "identity": {
            "name": "heaven-collection-website",
            "project": "my-first-project-331715"
          },
          "private": "eyJlMmJmYjczMC1lY2FhLTExZTYtOGY4OC0zNDM2M2JjN2M0YzAiOnsiY3JlYXRlIjo2MDAwMDAwMDAwMDAsInJlYWQiOjI0MDAwMDAwMDAwMCwidXBkYXRlIjoyNDAwMDAwMDAwMDB9LCJzY2hlbWFfdmVyc2lvbiI6IjQifQ=="
        }
      ]
    },
    {
      "mode": "managed",
      "type": "google_storage_bucket_object",
      "name": "static_site_sre",
      "provider": "provider[\"registry.terraform.io/hashicorp/google\"]",
      "instances": [
        {
          "schema_version": 0,
          "attributes": {
            "bucket": "heaven-collection-website",
            "cache_control": "",
            "content": null,
            "content_disposition": "",
            "content_encoding": "",
            "content_language": "",
            "content_type": "text/html; charset=utf-8",
            "contexts": [],
            "crc32c": "qXbWZw==",
            "customer_encryption": [],
            "deletion_policy": "DELETE",
            "detect_md5hash": "mMi0oyyiWx77l7QiCbfPsA==",
            "event_based_hold": false,
            "force_empty_content_type": null,
            "generation": 1786965678376847,
            "id": "heaven-collection-website-heaven-collection.html",
            "kms_key_name": "",
            "md5hash": "mMi0oyyiWx77l7QiCbfPsA==",
            "md5hexhash": "98c8b4a32ca25b1efb97b42209b7cfb0",
            "media_link": "https://storage.googleapis.com/download/storage/v1/b/heaven-collection-website/o/heaven-collection.html?generation=1786965678376847\u0026alt=media",
            "metadata": {},
            "name": "heaven-collection.html",
            "output_name": "heaven-collection.html",
            "retention": [],
            "self_link": "https://www.googleapis.com/storage/v1/b/heaven-collection-website/o/heaven-collection.html",
            "source": "../website/heaven-collection.html",
            "source_md5hash": "",
            "storage_class": "STANDARD",
            "temporary_hold": false,
            "timeouts": null
          },
          "sensitive_attributes": [
            [
              {
                "type": "get_attr",
                "value": "content"
              }
            ]
          ],
          "identity_schema_version": 0,
          "private": "eyJlMmJmYjczMC1lY2FhLTExZTYtOGY4OC0zNDM2M2JjN2M0YzAiOnsiY3JlYXRlIjoyNDAwMDAwMDAwMDAsImRlbGV0ZSI6MjQwMDAwMDAwMDAwLCJ1cGRhdGUiOjI0MDAwMDAwMDAwMH19",
          "dependencies": [
            "google_storage_bucket.website"
          ]
        }
      ]
    },
    {
      "mode": "managed",
      "type": "google_storage_object_access_control",
      "name": "public_rule",
      "provider": "provider[\"registry.terraform.io/hashicorp/google\"]",
      "instances": [
        {
          "schema_version": 0,
          "attributes": {
            "bucket": "heaven-collection-website",
            "deletion_policy": "DELETE",
            "domain": "",
            "email": "",
            "entity": "allUsers",
            "entity_id": "",
            "generation": 1786965678376847,
            "id": "heaven-collection-website/heaven-collection.html/allUsers",
            "object": "heaven-collection.html",
            "project_team": [],
            "role": "READER",
            "timeouts": null
          },
          "sensitive_attributes": [],
          "identity_schema_version": 1,
          "identity": {
            "bucket": "heaven-collection-website",
            "entity": "allUsers",
            "object": "heaven-collection.html"
          },
          "private": "eyJlMmJmYjczMC1lY2FhLTExZTYtOGY4OC0zNDM2M2JjN2M0YzAiOnsiY3JlYXRlIjoxMjAwMDAwMDAwMDAwLCJkZWxldGUiOjEyMDAwMDAwMDAwMDAsInVwZGF0ZSI6MTIwMDAwMDAwMDAwMH19",
          "dependencies": [
            "google_storage_bucket.website",
            "google_storage_bucket_object.static_site_sre"
          ]
        }
      ]
    }
  ],
  "check_results": null
}
